// !$*UTF8*$!
{
	archiveVersion = 1;
	classes = {
	};
	objectVersion = 46;
	objects = {

/* Begin PBXBuildFile section */
		3473422C1D5C90DA000CBD72 /* AppDelegate.swift in Sources */ = {isa = PBXBuildFile; fileRef = 3473422B1D5C90DA000CBD72 /* AppDelegate.swift */; };
		3473422E1D5C90DA000CBD72 /* ViewController.swift in Sources */ = {isa = PBXBuildFile; fileRef = 3473422D1D5C90DA000CBD72 /* ViewController.swift */; };
		347342311D5C90DA000CBD72 /* Main.storyboard in Resources */ = {isa = PBXBuildFile; fileRef = 3473422F1D5C90DA000CBD72 /* Main.storyboard */; };
		347342331D5C90DA000CBD72 /* Assets.xcassets in Resources */ = {isa = PBXBuildFile; fileRef = 347342321D5C90DA000CBD72 /* Assets.xcassets */; };
		347342361D5C90DA000CBD72 /* LaunchScreen.storyboard in Resources */ = {isa = PBXBuildFile; fileRef = 347342341D5C90DA000CBD72 /* LaunchScreen.storyboard */; };
		3473423E1D5C91EE000CBD72 /* WebWrapperView.xib in Resources */ = {isa = PBXBuildFile; fileRef = 3473423D1D5C91EE000CBD72 /* WebWrapperView.xib */; };
		347342401D5C9243000CBD72 /* WebWrapperView.swift in Sources */ = {isa = PBXBuildFile; fileRef = 3473423F1D5C9243000CBD72 /* WebWrapperView.swift */; };
		347342421D5C97D6000CBD72 /* ResponderButton.swift in Sources */ = {isa = PBXBuildFile; fileRef = 347342411D5C97D6000CBD72 /* ResponderButton.swift */; };
/* End PBXBuildFile section */

/* Begin PBXFileReference section */
		347342281D5C90DA000CBD72 /* inputViewTesting.app */ = {isa = PBXFileReference; explicitFileType = wrapper.application; includeInIndex = 0; path = inputViewTesting.app; sourceTree = BUILT_PRODUCTS_DIR; };
		3473422B1D5C90DA000CBD72 /* AppDelegate.swift */ = {isa = PBXFileReference; lastKnownFileType = sourcecode.swift; path = AppDelegate.swift; sourceTree = "<group>"; };
		3473422D1D5C90DA000CBD72 /* ViewController.swift */ = {isa = PBXFileReference; lastKnownFileType = sourcecode.swift; path = ViewController.swift; sourceTree = "<group>"; };
		347342301D5C90DA000CBD72 /* Base */ = {isa = PBXFileReference; lastKnownFileType = file.storyboard; name = Base; path = Base.lproj/Main.storyboard; sourceTree = "<group>"; };
		347342321D5C90DA000CBD72 /* Assets.xcassets */ = {isa = PBXFileReference; lastKnownFileType = folder.assetcatalog; path = Assets.xcassets; sourceTree = "<group>"; };
		347342351D5C90DA000CBD72 /* Base */ = {isa = PBXFileReference; lastKnownFileType = file.storyboard; name = Base; path = Base.lproj/LaunchScreen.storyboard; sourceTree = "<group>"; };
		347342371D5C90DA000CBD72 /* Info.plist */ = {isa = PBXFileReference; lastKnownFileType = text.plist.xml; path = Info.plist; sourceTree = "<group>"; };
		3473423D1D5C91EE000CBD72 /* WebWrapperView.xib */ = {isa = PBXFileReference; fileEncoding = 4; lastKnownFileType = file.xib; path = WebWrapperView.xib; sourceTree = "<group>"; };
		3473423F1D5C9243000CBD72 /* WebWrapperView.swift */ = {isa = PBXFileReference; fileEncoding = 4; lastKnownFileType = sourcecode.swift; path = WebWrapperView.swift; sourceTree = "<group>"; };
		347342411D5C97D6000CBD72 /* ResponderButton.swift */ = {isa = PBXFileReference; fileEncoding = 4; lastKnownFileType = sourcecode.swift; path = ResponderButton.swift; sourceTree = "<group>"; };
/* End PBXFileReference section */

/* Begin PBXFrameworksBuildPhase section */
		347342251D5C90DA000CBD72 /* Frameworks */ = {
			isa = PBXFrameworksBuildPhase;
			buildActionMask = 2147483647;
			files = (
			);
			runOnlyForDeploymentPostprocessing = 0;
		};
/* End PBXFrameworksBuildPhase section */

/* Begin PBXGroup section */
		3473421F1D5C90DA000CBD72 = {
			isa = PBXGroup;
			children = (
				3473422A1D5C90DA000CBD72 /* inputViewTesting */,
				347342291D5C90DA000CBD72 /* Products */,
			);
			sourceTree = "<group>";
		};
		347342291D5C90DA000CBD72 /* Products */ = {
			isa = PBXGroup;
			children = (
				347342281D5C90DA000CBD72 /* inputViewTesting.app */,
			);
			name = Products;
			sourceTree = "<group>";
		};
		3473422A1D5C90DA000CBD72 /* inputViewTesting */ = {
			isa = PBXGroup;
			children = (
				3473422B1D5C90DA000CBD72 /* AppDelegate.swift */,
				3473422D1D5C90DA000CBD72 /* ViewController.swift */,
				3473422F1D5C90DA000CBD72 /* Main.storyboard */,
				347342321D5C90DA000CBD72 /* Assets.xcassets */,
				347342341D5C90DA000CBD72 /* LaunchScreen.storyboard */,
				347342371D5C90DA000CBD72 /* Info.plist */,
				3473423D1D5C91EE000CBD72 /* WebWrapperView.xib */,
				3473423F1D5C9243000CBD72 /* WebWrapperView.swift */,
				347342411D5C97D6000CBD72 /* ResponderButton.swift */,
			);
			path = inputViewTesting;
			sourceTree = "<group>";
		};
/* End PBXGroup section */

/* Begin PBXNativeTarget section */
		347342271D5C90DA000CBD72 /* inputViewTesting */ = {
			isa = PBXNativeTarget;
			buildConfigurationList = 3473423A1D5C90DA000CBD72 /* Build configuration list for PBXNativeTarget "inputViewTesting" */;
			buildPhases = (
				347342241D5C90DA000CBD72 /* Sources */,
				347342251D5C90DA000CBD72 /* Frameworks */,
				347342261D5C90DA000CBD72 /* Resources */,
			);
			buildRules = (
			);
			dependencies = (
			);
			name = inputViewTesting;
			productName = inputViewTesting;
			productReference = 347342281D5C90DA000CBD72 /* inputViewTesting.app */;
			productType = "com.apple.product-type.application";
		};
/* End PBXNativeTarget section */

/* Begin PBXProject section */
		347342201D5C90DA000CBD72 /* Project object */ = {
			isa = PBXProject;
			attributes = {
				LastSwiftUpdateCheck = 0730;
				LastUpgradeCheck = 0730;
				ORGANIZATIONNAME = "Palringo Ltd";
				TargetAttributes = {
					347342271D5C90DA000CBD72 = {
						CreatedOnToolsVersion = 7.3;
					};
				};
			};
			buildConfigurationList = 347342231D5C90DA000CBD72 /* Build configuration list for PBXProject "inputViewTesting" */;
			compatibilityVersion = "Xcode 3.2";
			developmentRegion = English;
			hasScannedForEncodings = 0;
			knownRegions = (
				en,
				Base,
			);
			mainGroup = 3473421F1D5C90DA000CBD72;
			productRefGroup = 347342291D5C90DA000CBD72 /* Products */;
			projectDirPath = "";
			projectRoot = "";
			targets = (
				347342271D5C90DA000CBD72 /* inputViewTesting */,
			);
		};
/* End PBXProject section */

/* Begin PBXResourcesBuildPhase section */
		347342261D5C90DA000CBD72 /* Resources */ = {
			isa = PBXResourcesBuildPhase;
			buildActionMask = 2147483647;
			files = (
				347342361D5C90DA000CBD72 /* LaunchScreen.storyboard in Resources */,
				3473423E1D5C91EE000CBD72 /* WebWrapperView.xib in Resources */,
				347342331D5C90DA000CBD72 /* Assets.xcassets in Resources */,
				347342311D5C90DA000CBD72 /* Main.storyboard in Resources */,
			);
			runOnlyForDeploymentPostprocessing = 0;
		};
/* End PBXResourcesBuildPhase section */

/* Begin PBXSourcesBuildPhase section */
		347342241D5C90DA000CBD72 /* Sources */ = {
			isa = PBXSourcesBuildPhase;
			buildActionMask = 2147483647;
			files = (
				3473422E1D5C90DA000CBD72 /* ViewController.swift in Sources */,
				347342401D5C9243000CBD72 /* WebWrapperView.swift in Sources */,
				347342421D5C97D6000CBD72 /* ResponderButton.swift in Sources */,
				3473422C1D5C90DA000CBD72 /* AppDelegate.swift in Sources */,
			);
			runOnlyForDeploymentPostprocessing = 0;
		};
/* End PBXSourcesBuildPhase section */

/* Begin PBXVariantGroup section */
		3473422F1D5C90DA000CBD72 /* Main.storyboard */ = {
			isa = PBXVariantGroup;
			children = (
				347342301D5C90DA000CBD72 /* Base */,
			);
			name = Main.storyboard;
			sourceTree = "<group>";
		};
		347342341D5C90DA000CBD72 /* LaunchScreen.storyboard */ = {
			isa = PBXVariantGroup;
			children = (
				347342351D5C90DA000CBD72 /* Base */,
			);
			name = LaunchScreen.storyboard;
			sourceTree = "<group>";
		};
/* End PBXVariantGroup section */

/* Begin XCBuildConfiguration section */
		347342381D5C90DA000CBD72 /* Debug */ = {
			isa = XCBuildConfiguration;
			buildSettings = {
				ALWAYS_SEARCH_USER_PATHS = NO;
				CLANG_ANALYZER_NONNULL = YES;
				CLANG_CXX_LANGUAGE_STANDARD = "gnu++0x";
				CLANG_CXX_LIBRARY = "libc++";
				CLANG_ENABLE_MODULES = YES;
				CLANG_ENABLE_OBJC_ARC = YES;
				CLANG_WARN_BOOL_CONVERSION = YES;
				CLANG_WARN_CONSTANT_CONVERSION = YES;
				CLANG_WARN_DIRECT_OBJC_ISA_USAGE = YES_ERROR;
				CLANG_WARN_EMPTY_BODY = YES;
				CLANG_WARN_ENUM_CONVERSION = YES;
				CLANG_WARN_INT_CONVERSION = YES;
				CLANG_WARN_OBJC_ROOT_CLASS = YES_ERROR;
				CLANG_WARN_UNREACHABLE_CODE = YES;
				CLANG_WARN__DUPLICATE_METHOD_MATCH = YES;
				"CODE_SIGN_IDENTITY[sdk=iphoneos*]" = "iPhone Developer";
				COPY_PHASE_STRIP = NO;
				DEBUG_INFORMATION_FORMAT = dwarf;
				ENABLE_STRICT_OBJC_MSGSEND = YES;
				ENABLE_TESTABILITY = YES;
				GCC_C_LANGUAGE_STANDARD = gnu99;
				GCC_DYNAMIC_NO_PIC = NO;
				GCC_NO_COMMON_BLOCKS = YES;
				GCC_OPTIMIZATION_LEVEL = 0;
				GCC_PREPROCESSOR_DEFINITIONS = (
					"DEBUG=1",
					"$(inherited)",
				);
				GCC_WARN_64_TO_32_BIT_CONVERSION = YES;
				GCC_WARN_ABOUT_RETURN_TYPE = YES_ERROR;
				GCC_WARN_UNDECLARED_SELECTOR = YES;
				GCC_WARN_UNINITIALIZED_AUTOS = YES_AGGRESSIVE;
				GCC_WARN_UNUSED_FUNCTION = YES;
				GCC_WARN_UNUSED_VARIABLE = YES;
				IPHONEOS_DEPLOYMENT_TARGET = 9.3;
				MTL_ENABLE_DEBUG_INFO = YES;
				ONLY_ACTIVE_ARCH = YES;
				SDKROOT = iphoneos;
				SWIFT_OPTIMIZATION_LEVEL = "-Onone";
				TARGETED_DEVICE_FAMILY = "1,2";
			};
			name = Debug;
		};
		347342391D5C90DA000CBD72 /* Release */ = {
			isa = XCBuildConfiguration;
			buildSettings = {
				ALWAYS_SEARCH_USER_PATHS = NO;
				CLANG_ANALYZER_NONNULL = YES;
				CLANG_CXX_LANGUAGE_STANDARD = "gnu++0x";
				CLANG_CXX_LIBRARY = "libc++";
				CLANG_ENABLE_MODULES = YES;
				CLANG_ENABLE_OBJC_ARC = YES;
				CLANG_WARN_BOOL_CONVERSION = YES;
				CLANG_WARN_CONSTANT_CONVERSION = YES;
				CLANG_WARN_DIRECT_OBJC_ISA_USAGE = YES_ERROR;
				CLANG_WARN_EMPTY_BODY = YES;
				CLANG_WARN_ENUM_CONVERSION = YES;
				CLANG_WARN_INT_CONVERSION = YES;
				CLANG_WARN_OBJC_ROOT_CLASS = YES_ERROR;
				CLANG_WARN_UNREACHABLE_CODE = YES;
				CLANG_WARN__DUPLICATE_METHOD_MATCH = YES;
				"CODE_SIGN_IDENTITY[sdk=iphoneos*]" = "iPhone Developer";
				COPY_PHASE_STRIP = NO;
				DEBUG_INFORMATION_FORMAT = "dwarf-with-dsym";
				ENABLE_NS_ASSERTIONS = NO;
				ENABLE_STRICT_OBJC_MSGSEND = YES;
				GCC_C_LANGUAGE_STANDARD = gnu99;
				GCC_NO_COMMON_BLOCKS = YES;
				GCC_WARN_64_TO_32_BIT_CONVERSION = YES;
				GCC_WARN_ABOUT_RETURN_TYPE = YES_ERROR;
				GCC_WARN_UNDECLARED_SELECTOR = YES;
				GCC_WARN_UNINITIALIZED_AUTOS = YES_AGGRESSIVE;
				GCC_WARN_UNUSED_FUNCTION = YES;
				GCC_WARN_UNUSED_VARIABLE = YES;
				IPHONEOS_DEPLOYMENT_TARGET = 9.3;
				MTL_ENABLE_DEBUG_INFO = NO;
				SDKROOT = iphoneos;
				TARGETED_DEVICE_FAMILY = "1,2";
				VALIDATE_PRODUCT = YES;
			};
			name = Release;
		};
		3473423B1D5C90DA000CBD72 /* Debug */ = {
			isa = XCBuildConfiguration;
			buildSettings = {
				ASSETCATALOG_COMPILER_APPICON_NAME = AppIcon;
				INFOPLIST_FILE = inputViewTesting/Info.plist;
				LD_RUNPATH_SEARCH_PATHS = "$(inherited) @executable_path/Frameworks";
				PRODUCT_BUNDLE_IDENTIFIER = com.palringo.inputViewTesting;
				PRODUCT_NAME = "$(TARGET_NAME)";
			};
			name = Debug;
		};
		3473423C1D5C90DA000CBD72 /* Release */ = {
			isa = XCBuildConfiguration;
			buildSettings = {
				ASSETCATALOG_COMPILER_APPICON_NAME = AppIcon;
				INFOPLIST_FILE = inputViewTesting/Info.plist;
				LD_RUNPATH_SEARCH_PATHS = "$(inherited) @executable_path/Frameworks";
				PRODUCT_BUNDLE_IDENTIFIER = com.palringo.inputViewTesting;
				PRODUCT_NAME = "$(TARGET_NAME)";
			};
			name = Release;
		};
/* End XCBuildConfiguration section */

/* Begin XCConfigurationList section */
		347342231D5C90DA000CBD72 /* Build configuration list for PBXProject "inputViewTesting" */ = {
			isa = XCConfigurationList;
			buildConfigurations = (
				347342381D5C90DA000CBD72 /* Debug */,
				347342391D5C90DA000CBD72 /* Release */,
			);
			defaultConfigurationIsVisible = 0;
			defaultConfigurationName = Release;
		};
		3473423A1D5C90DA000CBD72 /* Build configuration list for PBXNativeTarget "inputViewTesting" */ = {
			isa = XCConfigurationList;
			buildConfigurations = (
				3473423B1D5C90DA000CBD72 /* Debug */,
				3473423C1D5C90DA000CBD72 /* Release */,
			);
			defaultConfigurationIsVisible = 0;
		};
/* End XCConfigurationList section */
	};
	rootObject = 347342201D5C90DA000CBD72 /* Project object */;
}
